// !$*UTF8*$!
{
	archiveVersion = 1;
	classes = {
	};
	objectVersion = 48;
	objects = {

/* Begin PBXBuildFile section */
		092A3E7820372FCB006A8935 /* AppDelegate.swift in Sources */ = {isa = PBXBuildFile; fileRef = 092A3E7720372FCB006A8935 /* AppDelegate.swift */; };
		092A3E7C20372FCB006A8935 /* ViewController.swift in Sources */ = {isa = PBXBuildFile; fileRef = 092A3E7B20372FCB006A8935 /* ViewController.swift */; };
		092A3E7F20372FCB006A8935 /* Main.storyboard in Resources */ = {isa = PBXBuildFile; fileRef = 092A3E7D20372FCB006A8935 /* Main.storyboard */; };
		092A3E8120372FCB006A8935 /* Assets.xcassets in Resources */ = {isa = PBXBuildFile; fileRef = 092A3E8020372FCB006A8935 /* Assets.xcassets */; };
		092A3E8420372FCB006A8935 /* LaunchScreen.storyboard in Resources */ = {isa = PBXBuildFile; fileRef = 092A3E8220372FCB006A8935 /* LaunchScreen.storyboard */; };
		092A3E8E2039E240006A8935 /* HoverScene.swift in Sources */ = {isa = PBXBuildFile; fileRef = 092A3E8D2039E240006A8935 /* HoverScene.swift */; };
		095029BF20475F1A00B57FA4 /* sphere.dae in Resources */ = {isa = PBXBuildFile; fileRef = 095029BE20475F1900B57FA4 /* sphere.dae */; };
		095CA43A2039F1AE0013FBF1 /* Node+Extensions.swift in Sources */ = {isa = PBXBuildFile; fileRef = 095CA4392039F1AE0013FBF1 /* Node+Extensions.swift */; };
/* End PBXBuildFile section */

/* Begin PBXFileReference section */
		092A3E7420372FCB006A8935 /* ARWalkthrough.app */ = {isa = PBXFileReference; explicitFileType = wrapper.application; includeInIndex = 0; path = ARWalkthrough.app; sourceTree = BUILT_PRODUCTS_DIR; };
		092A3E7720372FCB006A8935 /* AppDelegate.swift */ = {isa = PBXFileReference; lastKnownFileType = sourcecode.swift; path = AppDelegate.swift; sourceTree = "<group>"; };
		092A3E7B20372FCB006A8935 /* ViewController.swift */ = {isa = PBXFileReference; lastKnownFileType = sourcecode.swift; path = ViewController.swift; sourceTree = "<group>"; };
		092A3E7E20372FCB006A8935 /* Base */ = {isa = PBXFileReference; lastKnownFileType = file.storyboard; name = Base; path = Base.lproj/Main.storyboard; sourceTree = "<group>"; };
		092A3E8020372FCB006A8935 /* Assets.xcassets */ = {isa = PBXFileReference; lastKnownFileType = folder.assetcatalog; path = Assets.xcassets; sourceTree = "<group>"; };
		092A3E8320372FCB006A8935 /* Base */ = {isa = PBXFileReference; lastKnownFileType = file.storyboard; name = Base; path = Base.lproj/LaunchScreen.storyboard; sourceTree = "<group>"; };
		092A3E8520372FCB006A8935 /* Info.plist */ = {isa = PBXFileReference; lastKnownFileType = text.plist.xml; path = Info.plist; sourceTree = "<group>"; };
		092A3E8D2039E240006A8935 /* HoverScene.swift */ = {isa = PBXFileReference; lastKnownFileType = sourcecode.swift; path = HoverScene.swift; sourceTree = "<group>"; };
		095029BE20475F1900B57FA4 /* sphere.dae */ = {isa = PBXFileReference; fileEncoding = 4; lastKnownFileType = text.xml.dae; path = sphere.dae; sourceTree = "<group>"; };
		095CA4392039F1AE0013FBF1 /* Node+Extensions.swift */ = {isa = PBXFileReference; lastKnownFileType = sourcecode.swift; path = "Node+Extensions.swift"; sourceTree = "<group>"; };
/* End PBXFileReference section */

/* Begin PBXFrameworksBuildPhase section */
		092A3E7120372FCB006A8935 /* Frameworks */ = {
			isa = PBXFrameworksBuildPhase;
			buildActionMask = 2147483647;
			files = (
			);
			runOnlyForDeploymentPostprocessing = 0;
		};
/* End PBXFrameworksBuildPhase section */

/* Begin PBXGroup section */
		092A3E6B20372FCB006A8935 = {
			isa = PBXGroup;
			children = (
				092A3E7620372FCB006A8935 /* ARGuide */,
				092A3E7520372FCB006A8935 /* Products */,
			);
			sourceTree = "<group>";
		};
		092A3E7520372FCB006A8935 /* Products */ = {
			isa = PBXGroup;
			children = (
				092A3E7420372FCB006A8935 /* ARWalkthrough.app */,
			);
			name = Products;
			sourceTree = "<group>";
		};
		092A3E7620372FCB006A8935 /* ARGuide */ = {
			isa = PBXGroup;
			children = (
				092A3E7720372FCB006A8935 /* AppDelegate.swift */,
				092A3E7B20372FCB006A8935 /* ViewController.swift */,
				092A3E8C20377F5B006A8935 /* Scenes */,
				092A3E8B20377F56006A8935 /* Models */,
				095CA4382039F1A10013FBF1 /* Utilities */,
				092A3E7D20372FCB006A8935 /* Main.storyboard */,
				092A3E8020372FCB006A8935 /* Assets.xcassets */,
				092A3E8220372FCB006A8935 /* LaunchScreen.storyboard */,
				092A3E8520372FCB006A8935 /* Info.plist */,
			);
			path = ARGuide;
			sourceTree = "<group>";
		};
		092A3E8B20377F56006A8935 /* Models */ = {
			isa = PBXGroup;
			children = (
				095029BE20475F1900B57FA4 /* sphere.dae */,
			);
			path = Models;
			sourceTree = "<group>";
		};
		092A3E8C20377F5B006A8935 /* Scenes */ = {
			isa = PBXGroup;
			children = (
				092A3E8D2039E240006A8935 /* HoverScene.swift */,
			);
			path = Scenes;
			sourceTree = "<group>";
		};
		095CA4382039F1A10013FBF1 /* Utilities */ = {
			isa = PBXGroup;
			children = (
				095CA4392039F1AE0013FBF1 /* Node+Extensions.swift */,
			);
			path = Utilities;
			sourceTree = "<group>";
		};
/* End PBXGroup section */

/* Begin PBXNativeTarget section */
		092A3E7320372FCB006A8935 /* ARWalkthrough */ = {
			isa = PBXNativeTarget;
			buildConfigurationList = 092A3E8820372FCB006A8935 /* Build configuration list for PBXNativeTarget "ARWalkthrough" */;
			buildPhases = (
				092A3E7020372FCB006A8935 /* Sources */,
				092A3E7120372FCB006A8935 /* Frameworks */,
				092A3E7220372FCB006A8935 /* Resources */,
			);
			buildRules = (
			);
			dependencies = (
			);
			name = ARWalkthrough;
			productName = MediumPost;
			productReference = 092A3E7420372FCB006A8935 /* ARWalkthrough.app */;
			productType = "com.apple.product-type.application";
		};
/* End PBXNativeTarget section */

/* Begin PBXProject section */
		092A3E6C20372FCB006A8935 /* Project object */ = {
			isa = PBXProject;
			attributes = {
				LastSwiftUpdateCheck = 0920;
				LastUpgradeCheck = 0920;
				ORGANIZATIONNAME = "Nike, Inc.";
				TargetAttributes = {
					092A3E7320372FCB006A8935 = {
						CreatedOnToolsVersion = 9.2;
						ProvisioningStyle = Automatic;
					};
				};
			};
			buildConfigurationList = 092A3E6F20372FCB006A8935 /* Build configuration list for PBXProject "ARGuide" */;
			compatibilityVersion = "Xcode 8.0";
			developmentRegion = en;
			hasScannedForEncodings = 0;
			knownRegions = (
				en,
				Base,
			);
			mainGroup = 092A3E6B20372FCB006A8935;
			productRefGroup = 092A3E7520372FCB006A8935 /* Products */;
			projectDirPath = "";
			projectRoot = "";
			targets = (
				092A3E7320372FCB006A8935 /* ARWalkthrough */,
			);
		};
/* End PBXProject section */

/* Begin PBXResourcesBuildPhase section */
		092A3E7220372FCB006A8935 /* Resources */ = {
			isa = PBXResourcesBuildPhase;
			buildActionMask = 2147483647;
			files = (
				095029BF20475F1A00B57FA4 /* sphere.dae in Resources */,
				092A3E8420372FCB006A8935 /* LaunchScreen.storyboard in Resources */,
				092A3E8120372FCB006A8935 /* Assets.xcassets in Resources */,
				092A3E7F20372FCB006A8935 /* Main.storyboard in Resources */,
			);
			runOnlyForDeploymentPostprocessing = 0;
		};
/* End PBXResourcesBuildPhase section */

/* Begin PBXSourcesBuildPhase section */
		092A3E7020372FCB006A8935 /* Sources */ = {
			isa = PBXSourcesBuildPhase;
			buildActionMask = 2147483647;
			files = (
				092A3E8E2039E240006A8935 /* HoverScene.swift in Sources */,
				095CA43A2039F1AE0013FBF1 /* Node+Extensions.swift in Sources */,
				092A3E7C20372FCB006A8935 /* ViewController.swift in Sources */,
				092A3E7820372FCB006A8935 /* AppDelegate.swift in Sources */,
			);
			runOnlyForDeploymentPostprocessing = 0;
		};
/* End PBXSourcesBuildPhase section */

/* Begin PBXVariantGroup section */
		092A3E7D20372FCB006A8935 /* Main.storyboard */ = {
			isa = PBXVariantGroup;
			children = (
				092A3E7E20372FCB006A8935 /* Base */,
			);
			name = Main.storyboard;
			sourceTree = "<group>";
		};
		092A3E8220372FCB006A8935 /* LaunchScreen.storyboard */ = {
			isa = PBXVariantGroup;
			children = (
				092A3E8320372FCB006A8935 /* Base */,
			);
			name = LaunchScreen.storyboard;
			sourceTree = "<group>";
		};
/* End PBXVariantGroup section */

/* Begin XCBuildConfiguration section */
		092A3E8620372FCB006A8935 /* Debug */ = {
			isa = XCBuildConfiguration;
			buildSettings = {
				ALWAYS_SEARCH_USER_PATHS = NO;
				CLANG_ANALYZER_NONNULL = YES;
				CLANG_ANALYZER_NUMBER_OBJECT_CONVERSION = YES_AGGRESSIVE;
				CLANG_CXX_LANGUAGE_STANDARD = "gnu++14";
				CLANG_CXX_LIBRARY = "libc++";
				CLANG_ENABLE_MODULES = YES;
				CLANG_ENABLE_OBJC_ARC = YES;
				CLANG_WARN_BLOCK_CAPTURE_AUTORELEASING = YES;
				CLANG_WARN_BOOL_CONVERSION = YES;
				CLANG_WARN_COMMA = YES;
				CLANG_WARN_CONSTANT_CONVERSION = YES;
				CLANG_WARN_DIRECT_OBJC_ISA_USAGE = YES_ERROR;
				CLANG_WARN_DOCUMENTATION_COMMENTS = YES;
				CLANG_WARN_EMPTY_BODY = YES;
				CLANG_WARN_ENUM_CONVERSION = YES;
				CLANG_WARN_INFINITE_RECURSION = YES;
				CLANG_WARN_INT_CONVERSION = YES;
				CLANG_WARN_NON_LITERAL_NULL_CONVERSION = YES;
				CLANG_WARN_OBJC_LITERAL_CONVERSION = YES;
				CLANG_WARN_OBJC_ROOT_CLASS = YES_ERROR;
				CLANG_WARN_RANGE_LOOP_ANALYSIS = YES;
				CLANG_WARN_STRICT_PROTOTYPES = YES;
				CLANG_WARN_SUSPICIOUS_MOVE = YES;
				CLANG_WARN_UNGUARDED_AVAILABILITY = YES_AGGRESSIVE;
				CLANG_WARN_UNREACHABLE_CODE = YES;
				CLANG_WARN__DUPLICATE_METHOD_MATCH = YES;
				CODE_SIGN_IDENTITY = "iPhone Developer";
				COPY_PHASE_STRIP = NO;
				DEBUG_INFORMATION_FORMAT = dwarf;
				ENABLE_STRICT_OBJC_MSGSEND = YES;
				ENABLE_TESTABILITY = YES;
				GCC_C_LANGUAGE_STANDARD = gnu11;
				GCC_DYNAMIC_NO_PIC = NO;
				GCC_NO_COMMON_BLOCKS = YES;
				GCC_OPTIMIZATION_LEVEL = 0;
				GCC_PREPROCESSOR_DEFINITIONS = (
					"DEBUG=1",
					"$(inherited)",
				);
				GCC_WARN_64_TO_32_BIT_CONVERSION = YES;
				GCC_WARN_ABOUT_RETURN_TYPE = YES_ERROR;
				GCC_WARN_UNDECLARED_SELECTOR = YES;
				GCC_WARN_UNINITIALIZED_AUTOS = YES_AGGRESSIVE;
				GCC_WARN_UNUSED_FUNCTION = YES;
				GCC_WARN_UNUSED_VARIABLE = YES;
				IPHONEOS_DEPLOYMENT_TARGET = 11.2;
				MTL_ENABLE_DEBUG_INFO = YES;
				ONLY_ACTIVE_ARCH = YES;
				SDKROOT = iphoneos;
				SWIFT_ACTIVE_COMPILATION_CONDITIONS = DEBUG;
				SWIFT_OPTIMIZATION_LEVEL = "-Onone";
			};
			name = Debug;
		};
		092A3E8720372FCB006A8935 /* Release */ = {
			isa = XCBuildConfiguration;
			buildSettings = {
				ALWAYS_SEARCH_USER_PATHS = NO;
				CLANG_ANALYZER_NONNULL = YES;
				CLANG_ANALYZER_NUMBER_OBJECT_CONVERSION = YES_AGGRESSIVE;
				CLANG_CXX_LANGUAGE_STANDARD = "gnu++14";
				CLANG_CXX_LIBRARY = "libc++";
				CLANG_ENABLE_MODULES = YES;
				CLANG_ENABLE_OBJC_ARC = YES;
				CLANG_WARN_BLOCK_CAPTURE_AUTORELEASING = YES;
				CLANG_WARN_BOOL_CONVERSION = YES;
				CLANG_WARN_COMMA = YES;
				CLANG_WARN_CONSTANT_CONVERSION = YES;
				CLANG_WARN_DIRECT_OBJC_ISA_USAGE = YES_ERROR;
				CLANG_WARN_DOCUMENTATION_COMMENTS = YES;
				CLANG_WARN_EMPTY_BODY = YES;
				CLANG_WARN_ENUM_CONVERSION = YES;
				CLANG_WARN_INFINITE_RECURSION = YES;
				CLANG_WARN_INT_CONVERSION = YES;
				CLANG_WARN_NON_LITERAL_NULL_CONVERSION = YES;
				CLANG_WARN_OBJC_LITERAL_CONVERSION = YES;
				CLANG_WARN_OBJC_ROOT_CLASS = YES_ERROR;
				CLANG_WARN_RANGE_LOOP_ANALYSIS = YES;
				CLANG_WARN_STRICT_PROTOTYPES = YES;
				CLANG_WARN_SUSPICIOUS_MOVE = YES;
				CLANG_WARN_UNGUARDED_AVAILABILITY = YES_AGGRESSIVE;
				CLANG_WARN_UNREACHABLE_CODE = YES;
				CLANG_WARN__DUPLICATE_METHOD_MATCH = YES;
				CODE_SIGN_IDENTITY = "iPhone Developer";
				COPY_PHASE_STRIP = NO;
				DEBUG_INFORMATION_FORMAT = "dwarf-with-dsym";
				ENABLE_NS_ASSERTIONS = NO;
				ENABLE_STRICT_OBJC_MSGSEND = YES;
				GCC_C_LANGUAGE_STANDARD = gnu11;
				GCC_NO_COMMON_BLOCKS = YES;
				GCC_WARN_64_TO_32_BIT_CONVERSION = YES;
				GCC_WARN_ABOUT_RETURN_TYPE = YES_ERROR;
				GCC_WARN_UNDECLARED_SELECTOR = YES;
				GCC_WARN_UNINITIALIZED_AUTOS = YES_AGGRESSIVE;
				GCC_WARN_UNUSED_FUNCTION = YES;
				GCC_WARN_UNUSED_VARIABLE = YES;
				IPHONEOS_DEPLOYMENT_TARGET = 11.2;
				MTL_ENABLE_DEBUG_INFO = NO;
				SDKROOT = iphoneos;
				SWIFT_OPTIMIZATION_LEVEL = "-Owholemodule";
				VALIDATE_PRODUCT = YES;
			};
			name = Release;
		};
		092A3E8920372FCB006A8935 /* Debug */ = {
			isa = XCBuildConfiguration;
			buildSettings = {
				ASSETCATALOG_COMPILER_APPICON_NAME = AppIcon;
				"CODE_SIGN_IDENTITY[sdk=iphoneos*]" = "iPhone Developer";
				CODE_SIGN_STYLE = Automatic;
				DEVELOPMENT_TEAM = 3GU23X3P3D;
				INFOPLIST_FILE = "$(SRCROOT)/ARGuide/Info.plist";
				LD_RUNPATH_SEARCH_PATHS = "$(inherited) @executable_path/Frameworks";
				PRODUCT_BUNDLE_IDENTIFIER = com.aboveground.ARWalkthrough;
				PRODUCT_NAME = "$(TARGET_NAME)";
				PROVISIONING_PROFILE_SPECIFIER = "";
				SWIFT_VERSION = 4.0;
				TARGETED_DEVICE_FAMILY = 1;
			};
			name = Debug;
		};
		092A3E8A20372FCB006A8935 /* Release */ = {
			isa = XCBuildConfiguration;
			buildSettings = {
				ASSETCATALOG_COMPILER_APPICON_NAME = AppIcon;
				"CODE_SIGN_IDENTITY[sdk=iphoneos*]" = "iPhone Developer";
				CODE_SIGN_STYLE = Automatic;
				DEVELOPMENT_TEAM = 3GU23X3P3D;
				INFOPLIST_FILE = "$(SRCROOT)/ARGuide/Info.plist";
				LD_RUNPATH_SEARCH_PATHS = "$(inherited) @executable_path/Frameworks";
				PRODUCT_BUNDLE_IDENTIFIER = com.aboveground.ARWalkthrough;
				PRODUCT_NAME = "$(TARGET_NAME)";
				PROVISIONING_PROFILE_SPECIFIER = "";
				SWIFT_VERSION = 4.0;
				TARGETED_DEVICE_FAMILY = 1;
			};
			name = Release;
		};
/* End XCBuildConfiguration section */

/* Begin XCConfigurationList section */
		092A3E6F20372FCB006A8935 /* Build configuration list for PBXProject "ARGuide" */ = {
			isa = XCConfigurationList;
			buildConfigurations = (
				092A3E8620372FCB006A8935 /* Debug */,
				092A3E8720372FCB006A8935 /* Release */,
			);
			defaultConfigurationIsVisible = 0;
			defaultConfigurationName = Release;
		};
		092A3E8820372FCB006A8935 /* Build configuration list for PBXNativeTarget "ARWalkthrough" */ = {
			isa = XCConfigurationList;
			buildConfigurations = (
				092A3E8920372FCB006A8935 /* Debug */,
				092A3E8A20372FCB006A8935 /* Release */,
			);
			defaultConfigurationIsVisible = 0;
			defaultConfigurationName = Release;
		};
/* End XCConfigurationList section */
	};
	rootObject = 092A3E6C20372FCB006A8935 /* Project object */;
}
